
Microsoft Visual Studio Solution File, Format Version 12.00
# Visual Studio Version 16
VisualStudioVersion = 16.0.30621.155
MinimumVisualStudioVersion = 10.0.40219.1
Project("{FAE04EC0-301F-11D3-BF4B-00C04F79EFBC}") = "robotik.siparis.yeni", "robotik.siparis.yeni.csproj", "{4781C36C-3E38-44BF-9447-DC14BB0F37FF}"
EndProject
Project("{FAE04EC0-301F-11D3-BF4B-00C04F79EFBC}") = "Entity2", "..\Entity2\Entity2.csproj", "{BCB398AB-C65B-4536-8596-94B998002939}"
EndProject
Global
	GlobalSection(SolutionConfigurationPlatforms) = preSolution
		Debug|Any CPU = Debug|Any CPU
		Release|Any CPU = Release|Any CPU
	EndGlobalSection
	GlobalSection(ProjectConfigurationPlatforms) = postSolution
		{4781C36C-3E38-44BF-9447-DC14BB0F37FF}.Debug|Any CPU.ActiveCfg = Debug|Any CPU
		{4781C36C-3E38-44BF-9447-DC14BB0F37FF}.Debug|Any CPU.Build.0 = Debug|Any CPU
		{4781C36C-3E38-44BF-9447-DC14BB0F37FF}.Release|Any CPU.ActiveCfg = Release|Any CPU
		{4781C36C-3E38-44BF-9447-DC14BB0F37FF}.Release|Any CPU.Build.0 = Release|Any CPU
		{BCB398AB-C65B-4536-8596-94B998002939}.Debug|Any CPU.ActiveCfg = Debug|Any CPU
		{BCB398AB-C65B-4536-8596-94B998002939}.Debug|Any CPU.Build.0 = Debug|Any CPU
		{BCB398AB-C65B-4536-8596-94B998002939}.Release|Any CPU.ActiveCfg = Release|Any CPU
		{BCB398AB-C65B-4536-8596-94B998002939}.Release|Any CPU.Build.0 = Release|Any CPU
	EndGlobalSection
	GlobalSection(SolutionProperties) = preSolution
		HideSolutionNode = FALSE
	EndGlobalSection
	GlobalSection(ExtensibilityGlobals) = postSolution
		SolutionGuid = {8FFA70A8-BF9F-4A6F-AD31-934E1597FF74}
	EndGlobalSection
EndGlobal
